lockfileVersion: 5.3

specifiers:
  '@monaco-editor/loader': ^1.3.1
  '@vitejs/plugin-vue': ^2.3.2
  monaco-editor: ^0.33.0
  only-allow: ^1.1.0
  typescript: ^4.6.4
  vite: ^2.9.9
  vue: ^3.2.33
  vue-tsc: ^0.34.12

dependencies:
  '@monaco-editor/loader': registry.npmmirror.com/@monaco-editor/loader/1.3.1_monaco-editor@0.33.0

devDependencies:
  '@vitejs/plugin-vue': registry.npmmirror.com/@vitejs/plugin-vue/2.3.2_vite@2.9.9+vue@3.2.33
  monaco-editor: registry.npmmirror.com/monaco-editor/0.33.0
  only-allow: registry.npmmirror.com/only-allow/1.1.0
  typescript: registry.npmmirror.com/typescript/4.6.4
  vite: registry.npmmirror.com/vite/2.9.9
  vue: registry.npmmirror.com/vue/3.2.33
  vue-tsc: registry.npmmirror.com/vue-tsc/0.34.12_typescript@4.6.4

packages:

  registry.npmmirror.com/@babel/parser/7.17.10:
    resolution: {integrity: sha512-n2Q6i+fnJqzOaq2VkdXxy2TCPCWQZHiCo0XqmrCvDWcZQKRyZzYi4Z0yxlBuN0w+r2ZHmre+Q087DSrw3pbJDQ==, registry: http://registry.npm.taobao.org/, tarball: https://registry.npmmirror.com/@babel/parser/-/parser-7.17.10.tgz}
    name: '@babel/parser'
    version: 7.17.10
    engines: {node: '>=6.0.0'}
    hasBin: true
    dev: true

  registry.npmmirror.com/@monaco-editor/loader/1.3.1_monaco-editor@0.33.0:
    resolution: {integrity: sha512-LfpAO6e54SZQW0nnI1sWKO4XtAlNx3WHXYZixeVy0HhZ4txGPOok4rs2u4dSi2+iRWeL198cZ2FlFQKr8mH+cw==, registry: http://registry.npm.taobao.org/, tarball: https://registry.npmmirror.com/@monaco-editor/loader/-/loader-1.3.1.tgz}
    id: registry.npmmirror.com/@monaco-editor/loader/1.3.1
    name: '@monaco-editor/loader'
    version: 1.3.1
    peerDependencies:
      monaco-editor: '>= 0.21.0 < 1'
    dependencies:
      monaco-editor: registry.npmmirror.com/monaco-editor/0.33.0
      state-local: registry.npmmirror.com/state-local/1.0.7
    dev: false

  registry.npmmirror.com/@vitejs/plugin-vue/2.3.2_vite@2.9.9+vue@3.2.33:
    resolution: {integrity: sha512-umyypfSHS4kQLdYAnJHhaASq7FRzNCdvcRoQ3uYGNk1/M4a+hXUd7ysN7BLhCrWH6uBokyCkFeUAaFDzSaaSrQ==, registry: http://registry.npm.taobao.org/, tarball: https://registry.npmmirror.com/@vitejs/plugin-vue/-/plugin-vue-2.3.2.tgz}
    id: registry.npmmirror.com/@vitejs/plugin-vue/2.3.2
    name: '@vitejs/plugin-vue'
    version: 2.3.2
    engines: {node: '>=12.0.0'}
    peerDependencies:
      vite: ^2.5.10
      vue: ^3.2.25
    dependencies:
      vite: registry.npmmirror.com/vite/2.9.9
      vue: registry.npmmirror.com/vue/3.2.33
    dev: true

  registry.npmmirror.com/@volar/code-gen/0.34.12:
    resolution: {integrity: sha512-5GAPsSjScnfMmMoh9qLW7CWQjjnT0fTUsPWnDMMjKIOqQF9J5mOyo7rprt1VzX63zwayqFfx7V8W3EVNhUCE3w==, registry: http://registry.npm.taobao.org/, tarball: https://registry.npmmirror.com/@volar/code-gen/-/code-gen-0.34.12.tgz}
    name: '@volar/code-gen'
    version: 0.34.12
    dependencies:
      '@volar/source-map': registry.npmmirror.com/@volar/source-map/0.34.12
    dev: true

  registry.npmmirror.com/@volar/source-map/0.34.12:
    resolution: {integrity: sha512-07imKws1cz9g3eo0VWXdioNfc1eCjqwK7GsxVuYSc7OCzKASt9PywUW+F39QGB9g2Kewof+PjCVIPeGqGRECTA==, registry: http://registry.npm.taobao.org/, tarball: https://registry.npmmirror.com/@volar/source-map/-/source-map-0.34.12.tgz}
    name: '@volar/source-map'
    version: 0.34.12
    dev: true

  registry.npmmirror.com/@volar/vue-code-gen/0.34.12:
    resolution: {integrity: sha512-PFcft62eIvQvcB6H2Z88fouTu2JmYwimORziFGr3LlGriQUEVmyDtqddtb+E+j2wGChtLkh6hf1py94C5VpI/Q==, registry: http://registry.npm.taobao.org/, tarball: https://registry.npmmirror.com/@volar/vue-code-gen/-/vue-code-gen-0.34.12.tgz}
    name: '@volar/vue-code-gen'
    version: 0.34.12
    dependencies:
      '@volar/code-gen': registry.npmmirror.com/@volar/code-gen/0.34.12
      '@volar/source-map': registry.npmmirror.com/@volar/source-map/0.34.12
      '@vue/compiler-core': registry.npmmirror.com/@vue/compiler-core/3.2.33
      '@vue/compiler-dom': registry.npmmirror.com/@vue/compiler-dom/3.2.33
      '@vue/shared': registry.npmmirror.com/@vue/shared/3.2.33
    dev: true

  registry.npmmirror.com/@volar/vue-typescript/0.34.12:
    resolution: {integrity: sha512-mY5cZ2OFOKt1HcCuoX1ViEsccltX3mdACk/FAjrSZTrilTdVHI1zkmQlrpCSnjmE1qowd8I6YoVt7THCaVrHdg==, registry: http://registry.npm.taobao.org/, tarball: https://registry.npmmirror.com/@volar/vue-typescript/-/vue-typescript-0.34.12.tgz}
    name: '@volar/vue-typescript'
    version: 0.34.12
    dependencies:
      '@volar/code-gen': registry.npmmirror.com/@volar/code-gen/0.34.12
      '@volar/source-map': registry.npmmirror.com/@volar/source-map/0.34.12
      '@volar/vue-code-gen': registry.npmmirror.com/@volar/vue-code-gen/0.34.12
      '@vue/compiler-sfc': registry.npmmirror.com/@vue/compiler-sfc/3.2.33
      '@vue/reactivity': registry.npmmirror.com/@vue/reactivity/3.2.33
    dev: true

  registry.npmmirror.com/@vue/compiler-core/3.2.33:
    resolution: {integrity: sha512-AAmr52ji3Zhk7IKIuigX2osWWsb2nQE5xsdFYjdnmtQ4gymmqXbjLvkSE174+fF3A3kstYrTgGkqgOEbsdLDpw==, registry: http://registry.npm.taobao.org/, tarball: https://registry.npmmirror.com/@vue/compiler-core/-/compiler-core-3.2.33.tgz}
    name: '@vue/compiler-core'
    version: 3.2.33
    dependencies:
      '@babel/parser': registry.npmmirror.com/@babel/parser/7.17.10
      '@vue/shared': registry.npmmirror.com/@vue/shared/3.2.33
      estree-walker: registry.npmmirror.com/estree-walker/2.0.2
      source-map: registry.npmmirror.com/source-map/0.6.1
    dev: true

  registry.npmmirror.com/@vue/compiler-dom/3.2.33:
    resolution: {integrity: sha512-GhiG1C8X98Xz9QUX/RlA6/kgPBWJkjq0Rq6//5XTAGSYrTMBgcLpP9+CnlUg1TFxnnCVughAG+KZl28XJqw8uQ==, registry: http://registry.npm.taobao.org/, tarball: https://registry.npmmirror.com/@vue/compiler-dom/-/compiler-dom-3.2.33.tgz}
    name: '@vue/compiler-dom'
    version: 3.2.33
    dependencies:
      '@vue/compiler-core': registry.npmmirror.com/@vue/compiler-core/3.2.33
      '@vue/shared': registry.npmmirror.com/@vue/shared/3.2.33
    dev: true

  registry.npmmirror.com/@vue/compiler-sfc/3.2.33:
    resolution: {integrity: sha512-H8D0WqagCr295pQjUYyO8P3IejM3vEzeCO1apzByAEaAR/WimhMYczHfZVvlCE/9yBaEu/eu9RdiWr0kF8b71Q==, registry: http://registry.npm.taobao.org/, tarball: https://registry.npmmirror.com/@vue/compiler-sfc/-/compiler-sfc-3.2.33.tgz}
    name: '@vue/compiler-sfc'
    version: 3.2.33
    dependencies:
      '@babel/parser': registry.npmmirror.com/@babel/parser/7.17.10
      '@vue/compiler-core': registry.npmmirror.com/@vue/compiler-core/3.2.33
      '@vue/compiler-dom': registry.npmmirror.com/@vue/compiler-dom/3.2.33
      '@vue/compiler-ssr': registry.npmmirror.com/@vue/compiler-ssr/3.2.33
      '@vue/reactivity-transform': registry.npmmirror.com/@vue/reactivity-transform/3.2.33
      '@vue/shared': registry.npmmirror.com/@vue/shared/3.2.33
      estree-walker: registry.npmmirror.com/estree-walker/2.0.2
      magic-string: registry.npmmirror.com/magic-string/0.25.9
      postcss: registry.npmmirror.com/postcss/8.4.13
      source-map: registry.npmmirror.com/source-map/0.6.1
    dev: true

  registry.npmmirror.com/@vue/compiler-ssr/3.2.33:
    resolution: {integrity: sha512-XQh1Xdk3VquDpXsnoCd7JnMoWec9CfAzQDQsaMcSU79OrrO2PNR0ErlIjm/mGq3GmBfkQjzZACV+7GhfRB8xMQ==, registry: http://registry.npm.taobao.org/, tarball: https://registry.npmmirror.com/@vue/compiler-ssr/-/compiler-ssr-3.2.33.tgz}
    name: '@vue/compiler-ssr'
    version: 3.2.33
    dependencies:
      '@vue/compiler-dom': registry.npmmirror.com/@vue/compiler-dom/3.2.33
      '@vue/shared': registry.npmmirror.com/@vue/shared/3.2.33
    dev: true

  registry.npmmirror.com/@vue/reactivity-transform/3.2.33:
    resolution: {integrity: sha512-4UL5KOIvSQb254aqenW4q34qMXbfZcmEsV/yVidLUgvwYQQ/D21bGX3DlgPUGI3c4C+iOnNmDCkIxkILoX/Pyw==, registry: http://registry.npm.taobao.org/, tarball: https://registry.npmmirror.com/@vue/reactivity-transform/-/reactivity-transform-3.2.33.tgz}
    name: '@vue/reactivity-transform'
    version: 3.2.33
    dependencies:
      '@babel/parser': registry.npmmirror.com/@babel/parser/7.17.10
      '@vue/compiler-core': registry.npmmirror.com/@vue/compiler-core/3.2.33
      '@vue/shared': registry.npmmirror.com/@vue/shared/3.2.33
      estree-walker: registry.npmmirror.com/estree-walker/2.0.2
      magic-string: registry.npmmirror.com/magic-string/0.25.9
    dev: true

  registry.npmmirror.com/@vue/reactivity/3.2.33:
    resolution: {integrity: sha512-62Sq0mp9/0bLmDuxuLD5CIaMG2susFAGARLuZ/5jkU1FCf9EDbwUuF+BO8Ub3Rbodx0ziIecM/NsmyjardBxfQ==, registry: http://registry.npm.taobao.org/, tarball: https://registry.npmmirror.com/@vue/reactivity/-/reactivity-3.2.33.tgz}
    name: '@vue/reactivity'
    version: 3.2.33
    dependencies:
      '@vue/shared': registry.npmmirror.com/@vue/shared/3.2.33
    dev: true

  registry.npmmirror.com/@vue/runtime-core/3.2.33:
    resolution: {integrity: sha512-N2D2vfaXsBPhzCV3JsXQa2NECjxP3eXgZlFqKh4tgakp3iX6LCGv76DLlc+IfFZq+TW10Y8QUfeihXOupJ1dGw==, registry: http://registry.npm.taobao.org/, tarball: https://registry.npmmirror.com/@vue/runtime-core/-/runtime-core-3.2.33.tgz}
    name: '@vue/runtime-core'
    version: 3.2.33
    dependencies:
      '@vue/reactivity': registry.npmmirror.com/@vue/reactivity/3.2.33
      '@vue/shared': registry.npmmirror.com/@vue/shared/3.2.33
    dev: true

  registry.npmmirror.com/@vue/runtime-dom/3.2.33:
    resolution: {integrity: sha512-LSrJ6W7CZTSUygX5s8aFkraDWlO6K4geOwA3quFF2O+hC3QuAMZt/0Xb7JKE3C4JD4pFwCSO7oCrZmZ0BIJUnw==, registry: http://registry.npm.taobao.org/, tarball: https://registry.npmmirror.com/@vue/runtime-dom/-/runtime-dom-3.2.33.tgz}
    name: '@vue/runtime-dom'
    version: 3.2.33
    dependencies:
      '@vue/runtime-core': registry.npmmirror.com/@vue/runtime-core/3.2.33
      '@vue/shared': registry.npmmirror.com/@vue/shared/3.2.33
      csstype: registry.npmmirror.com/csstype/2.6.20
    dev: true

  registry.npmmirror.com/@vue/server-renderer/3.2.33_vue@3.2.33:
    resolution: {integrity: sha512-4jpJHRD4ORv8PlbYi+/MfP8ec1okz6rybe36MdpkDrGIdEItHEUyaHSKvz+ptNEyQpALmmVfRteHkU9F8vxOew==, registry: http://registry.npm.taobao.org/, tarball: https://registry.npmmirror.com/@vue/server-renderer/-/server-renderer-3.2.33.tgz}
    id: registry.npmmirror.com/@vue/server-renderer/3.2.33
    name: '@vue/server-renderer'
    version: 3.2.33
    peerDependencies:
      vue: 3.2.33
    dependencies:
      '@vue/compiler-ssr': registry.npmmirror.com/@vue/compiler-ssr/3.2.33
      '@vue/shared': registry.npmmirror.com/@vue/shared/3.2.33
      vue: registry.npmmirror.com/vue/3.2.33
    dev: true

  registry.npmmirror.com/@vue/shared/3.2.33:
    resolution: {integrity: sha512-UBc1Pg1T3yZ97vsA2ueER0F6GbJebLHYlEi4ou1H5YL4KWvMOOWwpYo9/QpWq93wxKG6Wo13IY74Hcn/f7c7Bg==, registry: http://registry.npm.taobao.org/, tarball: https://registry.npmmirror.com/@vue/shared/-/shared-3.2.33.tgz}
    name: '@vue/shared'
    version: 3.2.33
    dev: true

  registry.npmmirror.com/ansi-align/3.0.1:
    resolution: {integrity: sha512-IOfwwBF5iczOjp/WeY4YxyjqAFMQoZufdQWDd19SEExbVLNXqvpzSJ/M7Za4/sCPmQ0+GRquoA7bGcINcxew6w==, registry: http://registry.npm.taobao.org/, tarball: https://registry.npmmirror.com/ansi-align/-/ansi-align-3.0.1.tgz}
    name: ansi-align
    version: 3.0.1
    dependencies:
      string-width: registry.npmmirror.com/string-width/4.2.3
    dev: true

  registry.npmmirror.com/ansi-regex/5.0.1:
    resolution: {integrity: sha512-quJQXlTSUGL2LH9SUXo8VwsY4soanhgo6LNSm84E1LBcE8s3O0wpdiRzyR9z/ZZJMlMWv37qOOb9pdJlMUEKFQ==, registry: http://registry.npm.taobao.org/, tarball: https://registry.npmmirror.com/ansi-regex/-/ansi-regex-5.0.1.tgz}
    name: ansi-regex
    version: 5.0.1
    engines: {node: '>=8'}
    dev: true

  registry.npmmirror.com/ansi-styles/4.3.0:
    resolution: {integrity: sha512-zbB9rCJAT1rbjiVDb2hqKFHNYLxgtk8NURxZ3IZwD3F6NtxbXZQCnnSi1Lkx+IDohdPlFp222wVALIheZJQSEg==, registry: http://registry.npm.taobao.org/, tarball: https://registry.npmmirror.com/ansi-styles/-/ansi-styles-4.3.0.tgz}
    name: ansi-styles
    version: 4.3.0
    engines: {node: '>=8'}
    dependencies:
      color-convert: registry.npmmirror.com/color-convert/2.0.1
    dev: true

  registry.npmmirror.com/boxen/4.2.0:
    resolution: {integrity: sha512-eB4uT9RGzg2odpER62bBwSLvUeGC+WbRjjyyFhGsKnc8wp/m0+hQsMUvUe3H2V0D5vw0nBdO1hCJoZo5mKeuIQ==, registry: http://registry.npm.taobao.org/, tarball: https://registry.npmmirror.com/boxen/-/boxen-4.2.0.tgz}
    name: boxen
    version: 4.2.0
    engines: {node: '>=8'}
    dependencies:
      ansi-align: registry.npmmirror.com/ansi-align/3.0.1
      camelcase: registry.npmmirror.com/camelcase/5.3.1
      chalk: registry.npmmirror.com/chalk/3.0.0
      cli-boxes: registry.npmmirror.com/cli-boxes/2.2.1
      string-width: registry.npmmirror.com/string-width/4.2.3
      term-size: registry.npmmirror.com/term-size/2.2.1
      type-fest: registry.npmmirror.com/type-fest/0.8.1
      widest-line: registry.npmmirror.com/widest-line/3.1.0
    dev: true

  registry.npmmirror.com/camelcase/5.3.1:
    resolution: {integrity: sha512-L28STB170nwWS63UjtlEOE3dldQApaJXZkOI1uMFfzf3rRuPegHaHesyee+YxQ+W6SvRDQV6UrdOdRiR153wJg==, registry: http://registry.npm.taobao.org/, tarball: https://registry.npmmirror.com/camelcase/-/camelcase-5.3.1.tgz}
    name: camelcase
    version: 5.3.1
    engines: {node: '>=6'}
    dev: true

  registry.npmmirror.com/chalk/3.0.0:
    resolution: {integrity: sha512-4D3B6Wf41KOYRFdszmDqMCGq5VV/uMAB273JILmO+3jAlh8X4qDtdtgCR3fxtbLEMzSx22QdhnDcJvu2u1fVwg==, registry: http://registry.npm.taobao.org/, tarball: https://registry.npmmirror.com/chalk/-/chalk-3.0.0.tgz}
    name: chalk
    version: 3.0.0
    engines: {node: '>=8'}
    dependencies:
      ansi-styles: registry.npmmirror.com/ansi-styles/4.3.0
      supports-color: registry.npmmirror.com/supports-color/7.2.0
    dev: true

  registry.npmmirror.com/cli-boxes/2.2.1:
    resolution: {integrity: sha512-y4coMcylgSCdVinjiDBuR8PCC2bLjyGTwEmPb9NHR/QaNU6EUOXcTY/s6VjGMD6ENSEaeQYHCY0GNGS5jfMwPw==, registry: http://registry.npm.taobao.org/, tarball: https://registry.npmmirror.com/cli-boxes/-/cli-boxes-2.2.1.tgz}
    name: cli-boxes
    version: 2.2.1
    engines: {node: '>=6'}
    dev: true

  registry.npmmirror.com/color-convert/2.0.1:
    resolution: {integrity: sha512-RRECPsj7iu/xb5oKYcsFHSppFNnsj/52OVTRKb4zP5onXwVF3zVmmToNcOfGC+CRDpfK/U584fMg38ZHCaElKQ==, registry: http://registry.npm.taobao.org/, tarball: https://registry.npmmirror.com/color-convert/-/color-convert-2.0.1.tgz}
    name: color-convert
    version: 2.0.1
    engines: {node: '>=7.0.0'}
    dependencies:
      color-name: registry.npmmirror.com/color-name/1.1.4
    dev: true

  registry.npmmirror.com/color-name/1.1.4:
    resolution: {integrity: sha512-dOy+3AuW3a2wNbZHIuMZpTcgjGuLU/uBL/ubcZF9OXbDo8ff4O8yVp5Bf0efS8uEoYo5q4Fx7dY9OgQGXgAsQA==, registry: http://registry.npm.taobao.org/, tarball: https://registry.npmmirror.com/color-name/-/color-name-1.1.4.tgz}
    name: color-name
    version: 1.1.4
    dev: true

  registry.npmmirror.com/csstype/2.6.20:
    resolution: {integrity: sha512-/WwNkdXfckNgw6S5R125rrW8ez139lBHWouiBvX8dfMFtcn6V81REDqnH7+CRpRipfYlyU1CmOnOxrmGcFOjeA==, registry: http://registry.npm.taobao.org/, tarball: https://registry.npmmirror.com/csstype/-/csstype-2.6.20.tgz}
    name: csstype
    version: 2.6.20
    dev: true

  registry.npmmirror.com/emoji-regex/8.0.0:
    resolution: {integrity: sha512-MSjYzcWNOA0ewAHpz0MxpYFvwg6yjy1NG3xteoqz644VCo/RPgnr1/GGt+ic3iJTzQ8Eu3TdM14SawnVUmGE6A==, registry: http://registry.npm.taobao.org/, tarball: https://registry.npmmirror.com/emoji-regex/-/emoji-regex-8.0.0.tgz}
    name: emoji-regex
    version: 8.0.0
    dev: true

  registry.npmmirror.com/esbuild-android-64/0.14.38:
    resolution: {integrity: sha512-aRFxR3scRKkbmNuGAK+Gee3+yFxkTJO/cx83Dkyzo4CnQl/2zVSurtG6+G86EQIZ+w+VYngVyK7P3HyTBKu3nw==, registry: http://registry.npm.taobao.org/, tarball: https://registry.npmmirror.com/esbuild-android-64/-/esbuild-android-64-0.14.38.tgz}
    name: esbuild-android-64
    version: 0.14.38
    engines: {node: '>=12'}
    cpu: [x64]
    os: [android]
    requiresBuild: true
    dev: true
    optional: true

  registry.npmmirror.com/esbuild-android-arm64/0.14.38:
    resolution: {integrity: sha512-L2NgQRWuHFI89IIZIlpAcINy9FvBk6xFVZ7xGdOwIm8VyhX1vNCEqUJO3DPSSy945Gzdg98cxtNt8Grv1CsyhA==, registry: http://registry.npm.taobao.org/, tarball: https://registry.npmmirror.com/esbuild-android-arm64/-/esbuild-android-arm64-0.14.38.tgz}
    name: esbuild-android-arm64
    version: 0.14.38
    engines: {node: '>=12'}
    cpu: [arm64]
    os: [android]
    requiresBuild: true
    dev: true
    optional: true

  registry.npmmirror.com/esbuild-darwin-64/0.14.38:
    resolution: {integrity: sha512-5JJvgXkX87Pd1Og0u/NJuO7TSqAikAcQQ74gyJ87bqWRVeouky84ICoV4sN6VV53aTW+NE87qLdGY4QA2S7KNA==, registry: http://registry.npm.taobao.org/, tarball: https://registry.npmmirror.com/esbuild-darwin-64/-/esbuild-darwin-64-0.14.38.tgz}
    name: esbuild-darwin-64
    version: 0.14.38
    engines: {node: '>=12'}
    cpu: [x64]
    os: [darwin]
    requiresBuild: true
    dev: true
    optional: true

  registry.npmmirror.com/esbuild-darwin-arm64/0.14.38:
    resolution: {integrity: sha512-eqF+OejMI3mC5Dlo9Kdq/Ilbki9sQBw3QlHW3wjLmsLh+quNfHmGMp3Ly1eWm981iGBMdbtSS9+LRvR2T8B3eQ==, registry: http://registry.npm.taobao.org/, tarball: https://registry.npmmirror.com/esbuild-darwin-arm64/-/esbuild-darwin-arm64-0.14.38.tgz}
    name: esbuild-darwin-arm64
    version: 0.14.38
    engines: {node: '>=12'}
    cpu: [arm64]
    os: [darwin]
    requiresBuild: true
    dev: true
    optional: true

  registry.npmmirror.com/esbuild-freebsd-64/0.14.38:
    resolution: {integrity: sha512-epnPbhZUt93xV5cgeY36ZxPXDsQeO55DppzsIgWM8vgiG/Rz+qYDLmh5ts3e+Ln1wA9dQ+nZmVHw+RjaW3I5Ig==, registry: http://registry.npm.taobao.org/, tarball: https://registry.npmmirror.com/esbuild-freebsd-64/-/esbuild-freebsd-64-0.14.38.tgz}
    name: esbuild-freebsd-64
    version: 0.14.38
    engines: {node: '>=12'}
    cpu: [x64]
    os: [freebsd]
    requiresBuild: true
    dev: true
    optional: true

  registry.npmmirror.com/esbuild-freebsd-arm64/0.14.38:
    resolution: {integrity: sha512-/9icXUYJWherhk+y5fjPI5yNUdFPtXHQlwP7/K/zg8t8lQdHVj20SqU9/udQmeUo5pDFHMYzcEFfJqgOVeKNNQ==, registry: http://registry.npm.taobao.org/, tarball: https://registry.npmmirror.com/esbuild-freebsd-arm64/-/esbuild-freebsd-arm64-0.14.38.tgz}
    name: esbuild-freebsd-arm64
    version: 0.14.38
    engines: {node: '>=12'}
    cpu: [arm64]
    os: [freebsd]
    requiresBuild: true
    dev: true
    optional: true

  registry.npmmirror.com/esbuild-linux-32/0.14.38:
    resolution: {integrity: sha512-QfgfeNHRFvr2XeHFzP8kOZVnal3QvST3A0cgq32ZrHjSMFTdgXhMhmWdKzRXP/PKcfv3e2OW9tT9PpcjNvaq6g==, registry: http://registry.npm.taobao.org/, tarball: https://registry.npmmirror.com/esbuild-linux-32/-/esbuild-linux-32-0.14.38.tgz}
    name: esbuild-linux-32
    version: 0.14.38
    engines: {node: '>=12'}
    cpu: [ia32]
    os: [linux]
    requiresBuild: true
    dev: true
    optional: true

  registry.npmmirror.com/esbuild-linux-64/0.14.38:
    resolution: {integrity: sha512-uuZHNmqcs+Bj1qiW9k/HZU3FtIHmYiuxZ/6Aa+/KHb/pFKr7R3aVqvxlAudYI9Fw3St0VCPfv7QBpUITSmBR1Q==, registry: http://registry.npm.taobao.org/, tarball: https://registry.npmmirror.com/esbuild-linux-64/-/esbuild-linux-64-0.14.38.tgz}
    name: esbuild-linux-64
    version: 0.14.38
    engines: {node: '>=12'}
    cpu: [x64]
    os: [linux]
    requiresBuild: true
    dev: true
    optional: true

  registry.npmmirror.com/esbuild-linux-arm/0.14.38:
    resolution: {integrity: sha512-FiFvQe8J3VKTDXG01JbvoVRXQ0x6UZwyrU4IaLBZeq39Bsbatd94Fuc3F1RGqPF5RbIWW7RvkVQjn79ejzysnA==, registry: http://registry.npm.taobao.org/, tarball: https://registry.npmmirror.com/esbuild-linux-arm/-/esbuild-linux-arm-0.14.38.tgz}
    name: esbuild-linux-arm
    version: 0.14.38
    engines: {node: '>=12'}
    cpu: [arm]
    os: [linux]
    requiresBuild: true
    dev: true
    optional: true

  registry.npmmirror.com/esbuild-linux-arm64/0.14.38:
    resolution: {integrity: sha512-HlMGZTEsBrXrivr64eZ/EO0NQM8H8DuSENRok9d+Jtvq8hOLzrxfsAT9U94K3KOGk2XgCmkaI2KD8hX7F97lvA==, registry: http://registry.npm.taobao.org/, tarball: https://registry.npmmirror.com/esbuild-linux-arm64/-/esbuild-linux-arm64-0.14.38.tgz}
    name: esbuild-linux-arm64
    version: 0.14.38
    engines: {node: '>=12'}
    cpu: [arm64]
    os: [linux]
    requiresBuild: true
    dev: true
    optional: true

  registry.npmmirror.com/esbuild-linux-mips64le/0.14.38:
    resolution: {integrity: sha512-qd1dLf2v7QBiI5wwfil9j0HG/5YMFBAmMVmdeokbNAMbcg49p25t6IlJFXAeLzogv1AvgaXRXvgFNhScYEUXGQ==, registry: http://registry.npm.taobao.org/, tarball: https://registry.npmmirror.com/esbuild-linux-mips64le/-/esbuild-linux-mips64le-0.14.38.tgz}
    name: esbuild-linux-mips64le
    version: 0.14.38
    engines: {node: '>=12'}
    cpu: [mips64el]
    os: [linux]
    requiresBuild: true
    dev: true
    optional: true

  registry.npmmirror.com/esbuild-linux-ppc64le/0.14.38:
    resolution: {integrity: sha512-mnbEm7o69gTl60jSuK+nn+pRsRHGtDPfzhrqEUXyCl7CTOCLtWN2bhK8bgsdp6J/2NyS/wHBjs1x8aBWwP2X9Q==, registry: http://registry.npm.taobao.org/, tarball: https://registry.npmmirror.com/esbuild-linux-ppc64le/-/esbuild-linux-ppc64le-0.14.38.tgz}
    name: esbuild-linux-ppc64le
    version: 0.14.38
    engines: {node: '>=12'}
    cpu: [ppc64]
    os: [linux]
    requiresBuild: true
    dev: true
    optional: true

  registry.npmmirror.com/esbuild-linux-riscv64/0.14.38:
    resolution: {integrity: sha512-+p6YKYbuV72uikChRk14FSyNJZ4WfYkffj6Af0/Tw63/6TJX6TnIKE+6D3xtEc7DeDth1fjUOEqm+ApKFXbbVQ==, registry: http://registry.npm.taobao.org/, tarball: https://registry.npmmirror.com/esbuild-linux-riscv64/-/esbuild-linux-riscv64-0.14.38.tgz}
    name: esbuild-linux-riscv64
    version: 0.14.38
    engines: {node: '>=12'}
    cpu: [riscv64]
    os: [linux]
    requiresBuild: true
    dev: true
    optional: true

  registry.npmmirror.com/esbuild-linux-s390x/0.14.38:
    resolution: {integrity: sha512-0zUsiDkGJiMHxBQ7JDU8jbaanUY975CdOW1YDrurjrM0vWHfjv9tLQsW9GSyEb/heSK1L5gaweRjzfUVBFoybQ==, registry: http://registry.npm.taobao.org/, tarball: https://registry.npmmirror.com/esbuild-linux-s390x/-/esbuild-linux-s390x-0.14.38.tgz}
    name: esbuild-linux-s390x
    version: 0.14.38
    engines: {node: '>=12'}
    cpu: [s390x]
    os: [linux]
    requiresBuild: true
    dev: true
    optional: true

  registry.npmmirror.com/esbuild-netbsd-64/0.14.38:
    resolution: {integrity: sha512-cljBAApVwkpnJZfnRVThpRBGzCi+a+V9Ofb1fVkKhtrPLDYlHLrSYGtmnoTVWDQdU516qYI8+wOgcGZ4XIZh0Q==, registry: http://registry.npm.taobao.org/, tarball: https://registry.npmmirror.com/esbuild-netbsd-64/-/esbuild-netbsd-64-0.14.38.tgz}
    name: esbuild-netbsd-64
    version: 0.14.38
    engines: {node: '>=12'}
    cpu: [x64]
    os: [netbsd]
    requiresBuild: true
    dev: true
    optional: true

  registry.npmmirror.com/esbuild-openbsd-64/0.14.38:
    resolution: {integrity: sha512-CDswYr2PWPGEPpLDUO50mL3WO/07EMjnZDNKpmaxUPsrW+kVM3LoAqr/CE8UbzugpEiflYqJsGPLirThRB18IQ==, registry: http://registry.npm.taobao.org/, tarball: https://registry.npmmirror.com/esbuild-openbsd-64/-/esbuild-openbsd-64-0.14.38.tgz}
    name: esbuild-openbsd-64
    version: 0.14.38
    engines: {node: '>=12'}
    cpu: [x64]
    os: [openbsd]
    requiresBuild: true
    dev: true
    optional: true

  registry.npmmirror.com/esbuild-sunos-64/0.14.38:
    resolution: {integrity: sha512-2mfIoYW58gKcC3bck0j7lD3RZkqYA7MmujFYmSn9l6TiIcAMpuEvqksO+ntBgbLep/eyjpgdplF7b+4T9VJGOA==, registry: http://registry.npm.taobao.org/, tarball: https://registry.npmmirror.com/esbuild-sunos-64/-/esbuild-sunos-64-0.14.38.tgz}
    name: esbuild-sunos-64
    version: 0.14.38
    engines: {node: '>=12'}
    cpu: [x64]
    os: [sunos]
    requiresBuild: true
    dev: true
    optional: true

  registry.npmmirror.com/esbuild-windows-32/0.14.38:
    resolution: {integrity: sha512-L2BmEeFZATAvU+FJzJiRLFUP+d9RHN+QXpgaOrs2klshoAm1AE6Us4X6fS9k33Uy5SzScn2TpcgecbqJza1Hjw==, registry: http://registry.npm.taobao.org/, tarball: https://registry.npmmirror.com/esbuild-windows-32/-/esbuild-windows-32-0.14.38.tgz}
    name: esbuild-windows-32
    version: 0.14.38
    engines: {node: '>=12'}
    cpu: [ia32]
    os: [win32]
    requiresBuild: true
    dev: true
    optional: true

  registry.npmmirror.com/esbuild-windows-64/0.14.38:
    resolution: {integrity: sha512-Khy4wVmebnzue8aeSXLC+6clo/hRYeNIm0DyikoEqX+3w3rcvrhzpoix0S+MF9vzh6JFskkIGD7Zx47ODJNyCw==, registry: http://registry.npm.taobao.org/, tarball: https://registry.npmmirror.com/esbuild-windows-64/-/esbuild-windows-64-0.14.38.tgz}
    name: esbuild-windows-64
    version: 0.14.38
    engines: {node: '>=12'}
    cpu: [x64]
    os: [win32]
    requiresBuild: true
    dev: true
    optional: true

  registry.npmmirror.com/esbuild-windows-arm64/0.14.38:
    resolution: {integrity: sha512-k3FGCNmHBkqdJXuJszdWciAH77PukEyDsdIryEHn9cKLQFxzhT39dSumeTuggaQcXY57UlmLGIkklWZo2qzHpw==, registry: http://registry.npm.taobao.org/, tarball: https://registry.npmmirror.com/esbuild-windows-arm64/-/esbuild-windows-arm64-0.14.38.tgz}
    name: esbuild-windows-arm64
    version: 0.14.38
    engines: {node: '>=12'}
    cpu: [arm64]
    os: [win32]
    requiresBuild: true
    dev: true
    optional: true

  registry.npmmirror.com/esbuild/0.14.38:
    resolution: {integrity: sha512-12fzJ0fsm7gVZX1YQ1InkOE5f9Tl7cgf6JPYXRJtPIoE0zkWAbHdPHVPPaLi9tYAcEBqheGzqLn/3RdTOyBfcA==, registry: http://registry.npm.taobao.org/, tarball: https://registry.npmmirror.com/esbuild/-/esbuild-0.14.38.tgz}
    name: esbuild
    version: 0.14.38
    engines: {node: '>=12'}
    hasBin: true
    requiresBuild: true
    optionalDependencies:
      esbuild-android-64: registry.npmmirror.com/esbuild-android-64/0.14.38
      esbuild-android-arm64: registry.npmmirror.com/esbuild-android-arm64/0.14.38
      esbuild-darwin-64: registry.npmmirror.com/esbuild-darwin-64/0.14.38
      esbuild-darwin-arm64: registry.npmmirror.com/esbuild-darwin-arm64/0.14.38
      esbuild-freebsd-64: registry.npmmirror.com/esbuild-freebsd-64/0.14.38
      esbuild-freebsd-arm64: registry.npmmirror.com/esbuild-freebsd-arm64/0.14.38
      esbuild-linux-32: registry.npmmirror.com/esbuild-linux-32/0.14.38
      esbuild-linux-64: registry.npmmirror.com/esbuild-linux-64/0.14.38
      esbuild-linux-arm: registry.npmmirror.com/esbuild-linux-arm/0.14.38
      esbuild-linux-arm64: registry.npmmirror.com/esbuild-linux-arm64/0.14.38
      esbuild-linux-mips64le: registry.npmmirror.com/esbuild-linux-mips64le/0.14.38
      esbuild-linux-ppc64le: registry.npmmirror.com/esbuild-linux-ppc64le/0.14.38
      esbuild-linux-riscv64: registry.npmmirror.com/esbuild-linux-riscv64/0.14.38
      esbuild-linux-s390x: registry.npmmirror.com/esbuild-linux-s390x/0.14.38
      esbuild-netbsd-64: registry.npmmirror.com/esbuild-netbsd-64/0.14.38
      esbuild-openbsd-64: registry.npmmirror.com/esbuild-openbsd-64/0.14.38
      esbuild-sunos-64: registry.npmmirror.com/esbuild-sunos-64/0.14.38
      esbuild-windows-32: registry.npmmirror.com/esbuild-windows-32/0.14.38
      esbuild-windows-64: registry.npmmirror.com/esbuild-windows-64/0.14.38
      esbuild-windows-arm64: registry.npmmirror.com/esbuild-windows-arm64/0.14.38
    dev: true

  registry.npmmirror.com/estree-walker/2.0.2:
    resolution: {integrity: sha512-Rfkk/Mp/DL7JVje3u18FxFujQlTNR2q6QfMSMB7AvCBx91NGj/ba3kCfza0f6dVDbw7YlRf/nDrn7pQrCCyQ/w==, registry: http://registry.npm.taobao.org/, tarball: https://registry.npmmirror.com/estree-walker/-/estree-walker-2.0.2.tgz}
    name: estree-walker
    version: 2.0.2
    dev: true

  registry.npmmirror.com/fsevents/2.3.2:
    resolution: {integrity: sha512-xiqMQR4xAeHTuB9uWm+fFRcIOgKBMiOBP+eXiyT7jsgVCq1bkVygt00oASowB7EdtpOHaaPgKt812P9ab+DDKA==, registry: http://registry.npm.taobao.org/, tarball: https://registry.npmmirror.com/fsevents/-/fsevents-2.3.2.tgz}
    name: fsevents
    version: 2.3.2
    engines: {node: ^8.16.0 || ^10.6.0 || >=11.0.0}
    os: [darwin]
    requiresBuild: true
    dev: true
    optional: true

  registry.npmmirror.com/function-bind/1.1.1:
    resolution: {integrity: sha512-yIovAzMX49sF8Yl58fSCWJ5svSLuaibPxXQJFLmBObTuCr0Mf1KiPopGM9NiFjiYBCbfaa2Fh6breQ6ANVTI0A==, registry: http://registry.npm.taobao.org/, tarball: https://registry.npmmirror.com/function-bind/-/function-bind-1.1.1.tgz}
    name: function-bind
    version: 1.1.1
    dev: true

  registry.npmmirror.com/has-flag/4.0.0:
    resolution: {integrity: sha512-EykJT/Q1KjTWctppgIAgfSO0tKVuZUjhgMr17kqTumMl6Afv3EISleU7qZUzoXDFTAHTDC4NOoG/ZxU3EvlMPQ==, registry: http://registry.npm.taobao.org/, tarball: https://registry.npmmirror.com/has-flag/-/has-flag-4.0.0.tgz}
    name: has-flag
    version: 4.0.0
    engines: {node: '>=8'}
    dev: true

  registry.npmmirror.com/has/1.0.3:
    resolution: {integrity: sha512-f2dvO0VU6Oej7RkWJGrehjbzMAjFp5/VKPp5tTpWIV4JHHZK1/BxbFRtf/siA2SWTe09caDmVtYYzWEIbBS4zw==, registry: http://registry.npm.taobao.org/, tarball: https://registry.npmmirror.com/has/-/has-1.0.3.tgz}
    name: has
    version: 1.0.3
    engines: {node: '>= 0.4.0'}
    dependencies:
      function-bind: registry.npmmirror.com/function-bind/1.1.1
    dev: true

  registry.npmmirror.com/is-core-module/2.9.0:
    resolution: {integrity: sha512-+5FPy5PnwmO3lvfMb0AsoPaBG+5KHUI0wYFXOtYPnVVVspTFUuMZNfNaNVRt3FZadstu2c8x23vykRW/NBoU6A==, registry: http://registry.npm.taobao.org/, tarball: https://registry.npmmirror.com/is-core-module/-/is-core-module-2.9.0.tgz}
    name: is-core-module
    version: 2.9.0
    dependencies:
      has: registry.npmmirror.com/has/1.0.3
    dev: true

  registry.npmmirror.com/is-fullwidth-code-point/3.0.0:
    resolution: {integrity: sha512-zymm5+u+sCsSWyD9qNaejV3DFvhCKclKdizYaJUuHA83RLjb7nSuGnddCHGv0hk+KY7BMAlsWeK4Ueg6EV6XQg==, registry: http://registry.npm.taobao.org/, tarball: https://registry.npmmirror.com/is-fullwidth-code-point/-/is-fullwidth-code-point-3.0.0.tgz}
    name: is-fullwidth-code-point
    version: 3.0.0
    engines: {node: '>=8'}
    dev: true

  registry.npmmirror.com/magic-string/0.25.9:
    resolution: {integrity: sha512-RmF0AsMzgt25qzqqLc1+MbHmhdx0ojF2Fvs4XnOqz2ZOBXzzkEwc/dJQZCYHAn7v1jbVOjAZfK8msRn4BxO4VQ==, registry: http://registry.npm.taobao.org/, tarball: https://registry.npmmirror.com/magic-string/-/magic-string-0.25.9.tgz}
    name: magic-string
    version: 0.25.9
    dependencies:
      sourcemap-codec: registry.npmmirror.com/sourcemap-codec/1.4.8
    dev: true

  registry.npmmirror.com/monaco-editor/0.33.0:
    resolution: {integrity: sha512-VcRWPSLIUEgQJQIE0pVT8FcGBIgFoxz7jtqctE+IiCxWugD0DwgyQBcZBhdSrdMC84eumoqMZsGl2GTreOzwqw==, registry: http://registry.npm.taobao.org/, tarball: https://registry.npmmirror.com/monaco-editor/-/monaco-editor-0.33.0.tgz}
    name: monaco-editor
    version: 0.33.0
    dev: true

  registry.npmmirror.com/nanoid/3.3.4:
    resolution: {integrity: sha512-MqBkQh/OHTS2egovRtLk45wEyNXwF+cokD+1YPf9u5VfJiRdAiRwB2froX5Co9Rh20xs4siNPm8naNotSD6RBw==, registry: http://registry.npm.taobao.org/, tarball: https://registry.npmmirror.com/nanoid/-/nanoid-3.3.4.tgz}
    name: nanoid
    version: 3.3.4
    engines: {node: ^10 || ^12 || ^13.7 || ^14 || >=15.0.1}
    hasBin: true
    dev: true

  registry.npmmirror.com/only-allow/1.1.0:
    resolution: {integrity: sha512-HYiuMpRuy0d0DjoQZwhwO1Ueal0NXJ2I4mNxLv3aGw/1naRcAAzVC953WNpcbjlo+ak3WsoKDjHvoMd2cSZLpw==, registry: http://registry.npm.taobao.org/, tarball: https://registry.npmmirror.com/only-allow/-/only-allow-1.1.0.tgz}
    name: only-allow
    version: 1.1.0
    hasBin: true
    dependencies:
      boxen: registry.npmmirror.com/boxen/4.2.0
      which-pm-runs: registry.npmmirror.com/which-pm-runs/1.1.0
    dev: true

  registry.npmmirror.com/path-parse/1.0.7:
    resolution: {integrity: sha512-LDJzPVEEEPR+y48z93A0Ed0yXb8pAByGWo/k5YYdYgpY2/2EsOsksJrq7lOHxryrVOn1ejG6oAp8ahvOIQD8sw==, registry: http://registry.npm.taobao.org/, tarball: https://registry.npmmirror.com/path-parse/-/path-parse-1.0.7.tgz}
    name: path-parse
    version: 1.0.7
    dev: true

  registry.npmmirror.com/picocolors/1.0.0:
    resolution: {integrity: sha512-1fygroTLlHu66zi26VoTDv8yRgm0Fccecssto+MhsZ0D/DGW2sm8E8AjW7NU5VVTRt5GxbeZ5qBuJr+HyLYkjQ==, registry: http://registry.npm.taobao.org/, tarball: https://registry.npmmirror.com/picocolors/-/picocolors-1.0.0.tgz}
    name: picocolors
    version: 1.0.0
    dev: true

  registry.npmmirror.com/postcss/8.4.13:
    resolution: {integrity: sha512-jtL6eTBrza5MPzy8oJLFuUscHDXTV5KcLlqAWHl5q5WYRfnNRGSmOZmOZ1T6Gy7A99mOZfqungmZMpMmCVJ8ZA==, registry: http://registry.npm.taobao.org/, tarball: https://registry.npmmirror.com/postcss/-/postcss-8.4.13.tgz}
    name: postcss
    version: 8.4.13
    engines: {node: ^10 || ^12 || >=14}
    dependencies:
      nanoid: registry.npmmirror.com/nanoid/3.3.4
      picocolors: registry.npmmirror.com/picocolors/1.0.0
      source-map-js: registry.npmmirror.com/source-map-js/1.0.2
    dev: true

  registry.npmmirror.com/resolve/1.22.0:
    resolution: {integrity: sha512-Hhtrw0nLeSrFQ7phPp4OOcVjLPIeMnRlr5mcnVuMe7M/7eBn98A3hmFRLoFo3DLZkivSYwhRUJTyPyWAk56WLw==, registry: http://registry.npm.taobao.org/, tarball: https://registry.npmmirror.com/resolve/-/resolve-1.22.0.tgz}
    name: resolve
    version: 1.22.0
    hasBin: true
    dependencies:
      is-core-module: registry.npmmirror.com/is-core-module/2.9.0
      path-parse: registry.npmmirror.com/path-parse/1.0.7
      supports-preserve-symlinks-flag: registry.npmmirror.com/supports-preserve-symlinks-flag/1.0.0
    dev: true

  registry.npmmirror.com/rollup/2.72.1:
    resolution: {integrity: sha512-NTc5UGy/NWFGpSqF1lFY8z9Adri6uhyMLI6LvPAXdBKoPRFhIIiBUpt+Qg2awixqO3xvzSijjhnb4+QEZwJmxA==, registry: http://registry.npm.taobao.org/, tarball: https://registry.npmmirror.com/rollup/-/rollup-2.72.1.tgz}
    name: rollup
    version: 2.72.1
    engines: {node: '>=10.0.0'}
    hasBin: true
    optionalDependencies:
      fsevents: registry.npmmirror.com/fsevents/2.3.2
    dev: true

  registry.npmmirror.com/source-map-js/1.0.2:
    resolution: {integrity: sha512-R0XvVJ9WusLiqTCEiGCmICCMplcCkIwwR11mOSD9CR5u+IXYdiseeEuXCVAjS54zqwkLcPNnmU4OeJ6tUrWhDw==, registry: http://registry.npm.taobao.org/, tarball: https://registry.npmmirror.com/source-map-js/-/source-map-js-1.0.2.tgz}
    name: source-map-js
    version: 1.0.2
    engines: {node: '>=0.10.0'}
    dev: true

  registry.npmmirror.com/source-map/0.6.1:
    resolution: {integrity: sha512-UjgapumWlbMhkBgzT7Ykc5YXUT46F0iKu8SGXq0bcwP5dz/h0Plj6enJqjz1Zbq2l5WaqYnrVbwWOWMyF3F47g==, registry: http://registry.npm.taobao.org/, tarball: https://registry.npmmirror.com/source-map/-/source-map-0.6.1.tgz}
    name: source-map
    version: 0.6.1
    engines: {node: '>=0.10.0'}
    dev: true

  registry.npmmirror.com/sourcemap-codec/1.4.8:
    resolution: {integrity: sha512-9NykojV5Uih4lgo5So5dtw+f0JgJX30KCNI8gwhz2J9A15wD0Ml6tjHKwf6fTSa6fAdVBdZeNOs9eJ71qCk8vA==, registry: http://registry.npm.taobao.org/, tarball: https://registry.npmmirror.com/sourcemap-codec/-/sourcemap-codec-1.4.8.tgz}
    name: sourcemap-codec
    version: 1.4.8
    dev: true

  registry.npmmirror.com/state-local/1.0.7:
    resolution: {integrity: sha512-HTEHMNieakEnoe33shBYcZ7NX83ACUjCu8c40iOGEZsngj9zRnkqS9j1pqQPXwobB0ZcVTk27REb7COQ0UR59w==, registry: http://registry.npm.taobao.org/, tarball: https://registry.npmmirror.com/state-local/-/state-local-1.0.7.tgz}
    name: state-local
    version: 1.0.7
    dev: false

  registry.npmmirror.com/string-width/4.2.3:
    resolution: {integrity: sha512-wKyQRQpjJ0sIp62ErSZdGsjMJWsap5oRNihHhu6G7JVO/9jIB6UyevL+tXuOqrng8j/cxKTWyWUwvSTriiZz/g==, registry: http://registry.npm.taobao.org/, tarball: https://registry.npmmirror.com/string-width/-/string-width-4.2.3.tgz}
    name: string-width
    version: 4.2.3
    engines: {node: '>=8'}
    dependencies:
      emoji-regex: registry.npmmirror.com/emoji-regex/8.0.0
      is-fullwidth-code-point: registry.npmmirror.com/is-fullwidth-code-point/3.0.0
      strip-ansi: registry.npmmirror.com/strip-ansi/6.0.1
    dev: true

  registry.npmmirror.com/strip-ansi/6.0.1:
    resolution: {integrity: sha512-Y38VPSHcqkFrCpFnQ9vuSXmquuv5oXOKpGeT6aGrr3o3Gc9AlVa6JBfUSOCnbxGGZF+/0ooI7KrPuUSztUdU5A==, registry: http://registry.npm.taobao.org/, tarball: https://registry.npmmirror.com/strip-ansi/-/strip-ansi-6.0.1.tgz}
    name: strip-ansi
    version: 6.0.1
    engines: {node: '>=8'}
    dependencies:
      ansi-regex: registry.npmmirror.com/ansi-regex/5.0.1
    dev: true

  registry.npmmirror.com/supports-color/7.2.0:
    resolution: {integrity: sha512-qpCAvRl9stuOHveKsn7HncJRvv501qIacKzQlO/+Lwxc9+0q2wLyv4Dfvt80/DPn2pqOBsJdDiogXGR9+OvwRw==, registry: http://registry.npm.taobao.org/, tarball: https://registry.npmmirror.com/supports-color/-/supports-color-7.2.0.tgz}
    name: supports-color
    version: 7.2.0
    engines: {node: '>=8'}
    dependencies:
      has-flag: registry.npmmirror.com/has-flag/4.0.0
    dev: true

  registry.npmmirror.com/supports-preserve-symlinks-flag/1.0.0:
    resolution: {integrity: sha512-ot0WnXS9fgdkgIcePe6RHNk1WA8+muPa6cSjeR3V8K27q9BB1rTE3R1p7Hv0z1ZyAc8s6Vvv8DIyWf681MAt0w==, registry: http://registry.npm.taobao.org/, tarball: https://registry.npmmirror.com/supports-preserve-symlinks-flag/-/supports-preserve-symlinks-flag-1.0.0.tgz}
    name: supports-preserve-symlinks-flag
    version: 1.0.0
    engines: {node: '>= 0.4'}
    dev: true

  registry.npmmirror.com/term-size/2.2.1:
    resolution: {integrity: sha512-wK0Ri4fOGjv/XPy8SBHZChl8CM7uMc5VML7SqiQ0zG7+J5Vr+RMQDoHa2CNT6KHUnTGIXH34UDMkPzAUyapBZg==, registry: http://registry.npm.taobao.org/, tarball: https://registry.npmmirror.com/term-size/-/term-size-2.2.1.tgz}
    name: term-size
    version: 2.2.1
    engines: {node: '>=8'}
    dev: true

  registry.npmmirror.com/type-fest/0.8.1:
    resolution: {integrity: sha512-4dbzIzqvjtgiM5rw1k5rEHtBANKmdudhGyBEajN01fEyhaAIhsoKNy6y7+IN93IfpFtwY9iqi7kD+xwKhQsNJA==, registry: http://registry.npm.taobao.org/, tarball: https://registry.npmmirror.com/type-fest/-/type-fest-0.8.1.tgz}
    name: type-fest
    version: 0.8.1
    engines: {node: '>=8'}
    dev: true

  registry.npmmirror.com/typescript/4.6.4:
    resolution: {integrity: sha512-9ia/jWHIEbo49HfjrLGfKbZSuWo9iTMwXO+Ca3pRsSpbsMbc7/IU8NKdCZVRRBafVPGnoJeFL76ZOAA84I9fEg==, registry: http://registry.npm.taobao.org/, tarball: https://registry.npmmirror.com/typescript/-/typescript-4.6.4.tgz}
    name: typescript
    version: 4.6.4
    engines: {node: '>=4.2.0'}
    hasBin: true
    dev: true

  registry.npmmirror.com/vite/2.9.9:
    resolution: {integrity: sha512-ffaam+NgHfbEmfw/Vuh6BHKKlI/XIAhxE5QSS7gFLIngxg171mg1P3a4LSRME0z2ZU1ScxoKzphkipcYwSD5Ew==, registry: http://registry.npm.taobao.org/, tarball: https://registry.npmmirror.com/vite/-/vite-2.9.9.tgz}
    name: vite
    version: 2.9.9
    engines: {node: '>=12.2.0'}
    hasBin: true
    peerDependencies:
      less: '*'
      sass: '*'
      stylus: '*'
    peerDependenciesMeta:
      less:
        optional: true
      sass:
        optional: true
      stylus:
        optional: true
    dependencies:
      esbuild: registry.npmmirror.com/esbuild/0.14.38
      postcss: registry.npmmirror.com/postcss/8.4.13
      resolve: registry.npmmirror.com/resolve/1.22.0
      rollup: registry.npmmirror.com/rollup/2.72.1
    optionalDependencies:
      fsevents: registry.npmmirror.com/fsevents/2.3.2
    dev: true

  registry.npmmirror.com/vue-tsc/0.34.12_typescript@4.6.4:
    resolution: {integrity: sha512-CmuqLXHEW5UvS8UpT2RYom5MzOWBD142PLXxDX0ARdZ/u1oLobA3od4XY2XZACQYCFCzjTvfD1H5wrWwiGwoUA==, registry: http://registry.npm.taobao.org/, tarball: https://registry.npmmirror.com/vue-tsc/-/vue-tsc-0.34.12.tgz}
    id: registry.npmmirror.com/vue-tsc/0.34.12
    name: vue-tsc
    version: 0.34.12
    hasBin: true
    peerDependencies:
      typescript: '*'
    dependencies:
      '@volar/vue-typescript': registry.npmmirror.com/@volar/vue-typescript/0.34.12
      typescript: registry.npmmirror.com/typescript/4.6.4
    dev: true

  registry.npmmirror.com/vue/3.2.33:
    resolution: {integrity: sha512-si1ExAlDUrLSIg/V7D/GgA4twJwfsfgG+t9w10z38HhL/HA07132pUQ2KuwAo8qbCyMJ9e6OqrmWrOCr+jW7ZQ==, registry: http://registry.npm.taobao.org/, tarball: https://registry.npmmirror.com/vue/-/vue-3.2.33.tgz}
    name: vue
    version: 3.2.33
    dependencies:
      '@vue/compiler-dom': registry.npmmirror.com/@vue/compiler-dom/3.2.33
      '@vue/compiler-sfc': registry.npmmirror.com/@vue/compiler-sfc/3.2.33
      '@vue/runtime-dom': registry.npmmirror.com/@vue/runtime-dom/3.2.33
      '@vue/server-renderer': registry.npmmirror.com/@vue/server-renderer/3.2.33_vue@3.2.33
      '@vue/shared': registry.npmmirror.com/@vue/shared/3.2.33
    dev: true

  registry.npmmirror.com/which-pm-runs/1.1.0:
    resolution: {integrity: sha512-SIqZVnlKPt/s5tOArosKIvGC1bwpoj6w5Q3SmimaVOOU8YFsjuMvvZO1MbKCbO8D6VV0XkROC8jrXJNYa1xBDA==, registry: http://registry.npm.taobao.org/, tarball: https://registry.npmmirror.com/which-pm-runs/-/which-pm-runs-1.0.0.tgz}
    name: which-pm-runs
    version: 1.0.0
    deprecated: '[WARNING] Use 1.0.0 instead of 1.1.0, reason: https://github.com/zkochan/packages/commit/e7af82f03f1afe6086312d80a0fa47eb8d1c6bff'
    dev: true

  registry.npmmirror.com/widest-line/3.1.0:
    resolution: {integrity: sha512-NsmoXalsWVDMGupxZ5R08ka9flZjjiLvHVAWYOKtiKM8ujtZWr9cRffak+uSE48+Ob8ObalXpwyeUiyDD6QFgg==, registry: http://registry.npm.taobao.org/, tarball: https://registry.npmmirror.com/widest-line/-/widest-line-3.1.0.tgz}
    name: widest-line
    version: 3.1.0
    engines: {node: '>=8'}
    dependencies:
      string-width: registry.npmmirror.com/string-width/4.2.3
    dev: true
